
Microsoft Visual Studio Solution File, Format Version 12.00
# Visual Studio Version 17
VisualStudioVersion = 17.1.31911.260
MinimumVisualStudioVersion = 10.0.40219.1
Project("{9A19103F-16F7-4668-BE54-9A1E7A4F7556}") = "Day15", "Day15.csproj", "{9672B516-3330-49CC-B1B8-B8D183D39C2B}"
EndProject
Global
	GlobalSection(SolutionConfigurationPlatforms) = preSolution
		Debug|Any CPU = Debug|Any CPU
		Release|Any CPU = Release|Any CPU
	EndGlobalSection
	GlobalSection(ProjectConfigurationPlatforms) = postSolution
		{9672B516-3330-49CC-B1B8-B8D183D39C2B}.Debug|Any CPU.ActiveCfg = Debug|Any CPU
		{9672B516-3330-49CC-B1B8-B8D183D39C2B}.Debug|Any CPU.Build.0 = Debug|Any CPU
		{9672B516-3330-49CC-B1B8-B8D183D39C2B}.Release|Any CPU.ActiveCfg = Release|Any CPU
		{9672B516-3330-49CC-B1B8-B8D183D39C2B}.Release|Any CPU.Build.0 = Release|Any CPU
	EndGlobalSection
	GlobalSection(SolutionProperties) = preSolution
		HideSolutionNode = FALSE
	EndGlobalSection
	GlobalSection(ExtensibilityGlobals) = postSolution
		SolutionGuid = {F8476D85-B685-40A1-A05B-84545CC9D219}
	EndGlobalSection
EndGlobal
